
Microsoft Visual Studio Solution File, Format Version 12.00
# Visual Studio 15
VisualStudioVersion = 15.0.27130.2010
MinimumVisualStudioVersion = 10.0.40219.1
Project("{FAE04EC0-301F-11D3-BF4B-00C04F79EFBC}") = "WndTop", "WndTop\WndTop.csproj", "{F011A787-D3DA-4176-A754-4F7100B99F25}"
EndProject
Project("{FAE04EC0-301F-11D3-BF4B-00C04F79EFBC}") = "WndTop.Setup", "WndTop.Setup\WndTop.Setup.csproj", "{491A4CAD-1A4A-4AA8-8CDC-7902746414D6}"
EndProject
Project("{2150E333-8FDC-42A3-9474-1A3956D46DE8}") = "Solution Items", "Solution Items", "{9CBFF8D0-189D-4137-9B59-BB7F45B04C44}"
	ProjectSection(SolutionItems) = preProject
		Screenshots\functions.gif = Screenshots\functions.gif
	EndProjectSection
EndProject
Global
	GlobalSection(SolutionConfigurationPlatforms) = preSolution
		Debug|Any CPU = Debug|Any CPU
		Release|Any CPU = Release|Any CPU
	EndGlobalSection
	GlobalSection(ProjectConfigurationPlatforms) = postSolution
		{F011A787-D3DA-4176-A754-4F7100B99F25}.Debug|Any CPU.ActiveCfg = Debug|Any CPU
		{F011A787-D3DA-4176-A754-4F7100B99F25}.Debug|Any CPU.Build.0 = Debug|Any CPU
		{F011A787-D3DA-4176-A754-4F7100B99F25}.Release|Any CPU.ActiveCfg = Release|Any CPU
		{F011A787-D3DA-4176-A754-4F7100B99F25}.Release|Any CPU.Build.0 = Release|Any CPU
		{491A4CAD-1A4A-4AA8-8CDC-7902746414D6}.Debug|Any CPU.ActiveCfg = Debug|Any CPU
		{491A4CAD-1A4A-4AA8-8CDC-7902746414D6}.Debug|Any CPU.Build.0 = Debug|Any CPU
		{491A4CAD-1A4A-4AA8-8CDC-7902746414D6}.Release|Any CPU.ActiveCfg = Release|Any CPU
		{491A4CAD-1A4A-4AA8-8CDC-7902746414D6}.Release|Any CPU.Build.0 = Release|Any CPU
	EndGlobalSection
	GlobalSection(SolutionProperties) = preSolution
		HideSolutionNode = FALSE
	EndGlobalSection
	GlobalSection(ExtensibilityGlobals) = postSolution
		SolutionGuid = {9BF8B315-BBF7-40E2-81F7-2E09FC3410AA}
	EndGlobalSection
EndGlobal
